
Microsoft Visual Studio Solution File, Format Version 12.00
# Visual Studio Version 17
VisualStudioVersion = 17.0.32014.148
MinimumVisualStudioVersion = 10.0.40219.1
Project("{8BC9CEB8-8B4A-11D0-8D11-00A0C91BC942}") = "HelloOpenCV", "HelloOpenCV\HelloOpenCV.vcxproj", "{083A0438-8ED1-4C18-8ED0-038757B5EEE1}"
EndProject
Project("{8BC9CEB8-8B4A-11D0-8D11-00A0C91BC942}") = "HelloFace", "HelloFace\HelloFace.vcxproj", "{E62B56C4-0DD1-4002-9B5A-CEE83D0516AD}"
EndProject
Global
	GlobalSection(SolutionConfigurationPlatforms) = preSolution
		Debug|x64 = Debug|x64
		Debug|x86 = Debug|x86
		Release|x64 = Release|x64
		Release|x86 = Release|x86
	EndGlobalSection
	GlobalSection(ProjectConfigurationPlatforms) = postSolution
		{083A0438-8ED1-4C18-8ED0-038757B5EEE1}.Debug|x64.ActiveCfg = Debug|x64
		{083A0438-8ED1-4C18-8ED0-038757B5EEE1}.Debug|x64.Build.0 = Debug|x64
		{083A0438-8ED1-4C18-8ED0-038757B5EEE1}.Debug|x86.ActiveCfg = Debug|Win32
		{083A0438-8ED1-4C18-8ED0-038757B5EEE1}.Debug|x86.Build.0 = Debug|Win32
		{083A0438-8ED1-4C18-8ED0-038757B5EEE1}.Release|x64.ActiveCfg = Release|x64
		{083A0438-8ED1-4C18-8ED0-038757B5EEE1}.Release|x64.Build.0 = Release|x64
		{083A0438-8ED1-4C18-8ED0-038757B5EEE1}.Release|x86.ActiveCfg = Release|Win32
		{083A0438-8ED1-4C18-8ED0-038757B5EEE1}.Release|x86.Build.0 = Release|Win32
		{E62B56C4-0DD1-4002-9B5A-CEE83D0516AD}.Debug|x64.ActiveCfg = Debug|x64
		{E62B56C4-0DD1-4002-9B5A-CEE83D0516AD}.Debug|x64.Build.0 = Debug|x64
		{E62B56C4-0DD1-4002-9B5A-CEE83D0516AD}.Debug|x86.ActiveCfg = Debug|Win32
		{E62B56C4-0DD1-4002-9B5A-CEE83D0516AD}.Debug|x86.Build.0 = Debug|Win32
		{E62B56C4-0DD1-4002-9B5A-CEE83D0516AD}.Release|x64.ActiveCfg = Release|x64
		{E62B56C4-0DD1-4002-9B5A-CEE83D0516AD}.Release|x64.Build.0 = Release|x64
		{E62B56C4-0DD1-4002-9B5A-CEE83D0516AD}.Release|x86.ActiveCfg = Release|Win32
		{E62B56C4-0DD1-4002-9B5A-CEE83D0516AD}.Release|x86.Build.0 = Release|Win32
	EndGlobalSection
	GlobalSection(SolutionProperties) = preSolution
		HideSolutionNode = FALSE
	EndGlobalSection
	GlobalSection(ExtensibilityGlobals) = postSolution
		SolutionGuid = {0E327161-15B8-410D-AA93-EC1D2AFF28DE}
	EndGlobalSection
EndGlobal
